
Microsoft Visual Studio Solution File, Format Version 10.00
# Visual C# Express 2008
Project("{FAE04EC0-301F-11D3-BF4B-00C04F79EFBC}") = "StencilShadows", "StencilShadows.csproj", "{8552F0E1-F3CD-4F25-92B3-6282D1C00835}"
EndProject
Global
	GlobalSection(SolutionConfigurationPlatforms) = preSolution
		Debug|x86 = Debug|x86
		Release|x86 = Release|x86
	EndGlobalSection
	GlobalSection(ProjectConfigurationPlatforms) = postSolution
		{8552F0E1-F3CD-4F25-92B3-6282D1C00835}.Debug|x86.ActiveCfg = Debug|x86
		{8552F0E1-F3CD-4F25-92B3-6282D1C00835}.Debug|x86.Build.0 = Debug|x86
		{8552F0E1-F3CD-4F25-92B3-6282D1C00835}.Release|x86.ActiveCfg = Release|x86
		{8552F0E1-F3CD-4F25-92B3-6282D1C00835}.Release|x86.Build.0 = Release|x86
		{96CBE4F0-F40E-49C0-80FF-5CE7ADA7C108}.Debug|x86.ActiveCfg = Debug|x86
		{96CBE4F0-F40E-49C0-80FF-5CE7ADA7C108}.Release|x86.ActiveCfg = Release|x86
	EndGlobalSection
	GlobalSection(SolutionProperties) = preSolution
		HideSolutionNode = FALSE
	EndGlobalSection
EndGlobal
